
Microsoft Visual Studio Solution File, Format Version 12.00
# Visual Studio Version 18
VisualStudioVersion = 18.8.12023.21 stable
MinimumVisualStudioVersion = 10.0.40219.1
Project("{FAE04EC0-301F-11D3-BF4B-00C04F79EFBC}") = "Threadsmith.App", "Threadsmith.App\Threadsmith.App.csproj", "{03707E0B-3084-4CBC-A31C-F67AEC94648D}"
EndProject
Project("{FAE04EC0-301F-11D3-BF4B-00C04F79EFBC}") = "Threadsmith.Core", "Threadsmith.Core\Threadsmith.Core.csproj", "{3A3C4843-9F5F-42DC-B7E5-B42A3D2AD162}"
EndProject
Project("{FAE04EC0-301F-11D3-BF4B-00C04F79EFBC}") = "Threadsmith.Telemetry", "Threadsmith.Telemetry\Threadsmith.Telemetry.csproj", "{B08EEC1B-C97D-439B-B689-42323E3A0B9B}"
EndProject
Project("{FAE04EC0-301F-11D3-BF4B-00C04F79EFBC}") = "Threadsmith.Persistence", "Threadsmith.Persistence\Threadsmith.Persistence.csproj", "{B9E63AC7-19A6-4FB3-9301-80AF5C263AA4}"
EndProject
Project("{FAE04EC0-301F-11D3-BF4B-00C04F79EFBC}") = "Threadsmith.Models", "Threadsmith.Models\Threadsmith.Models.csproj", "{04D229C6-7B9F-41CB-81D3-E250C832F356}"
EndProject
Project("{FAE04EC0-301F-11D3-BF4B-00C04F79EFBC}") = "Threadsmith.Context", "Threadsmith.Context\Threadsmith.Context.csproj", "{C6E96473-7AA0-4C4B-B5A5-6610DF71BA01}"
EndProject
Project("{FAE04EC0-301F-11D3-BF4B-00C04F79EFBC}") = "Threadsmith.Tools", "Threadsmith.Tools\Threadsmith.Tools.csproj", "{10471FBB-A59F-4F8E-AB7A-0DACCB3392CD}"
EndProject
Project("{FAE04EC0-301F-11D3-BF4B-00C04F79EFBC}") = "Threadsmith.DotNet", "Threadsmith.DotNet\Threadsmith.DotNet.csproj", "{80F85F2F-602E-4787-9948-2D17FFD1B236}"
EndProject
Project("{FAE04EC0-301F-11D3-BF4B-00C04F79EFBC}") = "Threadsmith.Workspaces", "Threadsmith.Workspaces\Threadsmith.Workspaces.csproj", "{89BDB746-A822-4A73-A1F4-361689FFAEF8}"
EndProject
Project("{FAE04EC0-301F-11D3-BF4B-00C04F79EFBC}") = "Threadsmith.Validation", "Threadsmith.Validation\Threadsmith.Validation.csproj", "{5377C26E-31BD-4104-A79D-93C83ED5751A}"
EndProject
Project("{FAE04EC0-301F-11D3-BF4B-00C04F79EFBC}") = "Threadsmith.Execution", "Threadsmith.Execution\Threadsmith.Execution.csproj", "{8213ECEA-F92E-4DF2-BE32-0FA984072967}"
EndProject
Project("{FAE04EC0-301F-11D3-BF4B-00C04F79EFBC}") = "Threadsmith.Extensions.Runtime", "Threadsmith.Extensions.Runtime\Threadsmith.Extensions.Runtime.csproj", "{4BAA9159-1D4D-460D-8ED4-D328C95D8A4E}"
EndProject
Project("{FAE04EC0-301F-11D3-BF4B-00C04F79EFBC}") = "Threadsmith.Extensions.Abstractions", "Threadsmith.Extensions.Abstractions\Threadsmith.Extensions.Abstractions.csproj", "{51DF2E29-7A8A-40C3-8C61-4302064BAB9E}"
EndProject
Project("{FAE04EC0-301F-11D3-BF4B-00C04F79EFBC}") = "Threadsmith.Tui", "Threadsmith.Tui\Threadsmith.Tui.csproj", "{48AB5CCB-FBF5-4F6E-BA2E-064B57E9F3A8}"
EndProject
Project("{FAE04EC0-301F-11D3-BF4B-00C04F79EFBC}") = "Threadsmith.Cli", "Threadsmith.Cli\Threadsmith.Cli.csproj", "{08CDA689-1F70-47DC-AD75-A9177AABFA85}"
EndProject
Project("{FAE04EC0-301F-11D3-BF4B-00C04F79EFBC}") = "Threadsmith.Mcp", "Threadsmith.Mcp\Threadsmith.Mcp.csproj", "{43ADC044-B428-4775-97DC-4D553C1CDFA9}"
EndProject
Project("{FAE04EC0-301F-11D3-BF4B-00C04F79EFBC}") = "Threadsmith.Architecture.Tests", "..\tests\Threadsmith.Architecture.Tests\Threadsmith.Architecture.Tests.csproj", "{3AE7D0D4-5F11-42FD-A14C-35597AD7E269}"
EndProject
Project("{FAE04EC0-301F-11D3-BF4B-00C04F79EFBC}") = "Threadsmith.Milestone1.Tests", "..\tests\Threadsmith.Milestone1.Tests\Threadsmith.Milestone1.Tests.csproj", "{90348715-D8A6-4BB2-8FE5-5923EDA5385D}"
EndProject
Project("{FAE04EC0-301F-11D3-BF4B-00C04F79EFBC}") = "Threadsmith.Milestone2.Tests", "..\tests\Threadsmith.Milestone2.Tests\Threadsmith.Milestone2.Tests.csproj", "{A2A09C4C-6D9F-42D5-B4F0-522601358668}"
EndProject
Project("{FAE04EC0-301F-11D3-BF4B-00C04F79EFBC}") = "Threadsmith.Milestone3.Tests", "..\tests\Threadsmith.Milestone3.Tests\Threadsmith.Milestone3.Tests.csproj", "{6D74E84A-C78E-4DF2-95A4-D8B746E2C221}"
EndProject
Project("{FAE04EC0-301F-11D3-BF4B-00C04F79EFBC}") = "Threadsmith.Milestone4.Tests", "..\tests\Threadsmith.Milestone4.Tests\Threadsmith.Milestone4.Tests.csproj", "{255C3822-9ADB-46F4-AED8-388DE3BDD29C}"
EndProject
Project("{FAE04EC0-301F-11D3-BF4B-00C04F79EFBC}") = "Threadsmith.Milestone5.Tests", "..\tests\Threadsmith.Milestone5.Tests\Threadsmith.Milestone5.Tests.csproj", "{6C7709F4-73BD-4DE4-A573-D7714813A238}"
EndProject
Project("{FAE04EC0-301F-11D3-BF4B-00C04F79EFBC}") = "Threadsmith.Milestone6.Tests", "..\tests\Threadsmith.Milestone6.Tests\Threadsmith.Milestone6.Tests.csproj", "{63D4CF51-855D-460B-95C7-23BA3093B069}"
EndProject
Project("{FAE04EC0-301F-11D3-BF4B-00C04F79EFBC}") = "Threadsmith.SampleExtensions.MinimalTool", "..\samples\extensions\MinimalToolExtension\Threadsmith.SampleExtensions.MinimalTool.csproj", "{4E79E043-13B0-4535-A1C9-07205A8D0DD8}"
EndProject
Project("{FAE04EC0-301F-11D3-BF4B-00C04F79EFBC}") = "Threadsmith.Milestone7.Tests", "..\tests\Threadsmith.Milestone7.Tests\Threadsmith.Milestone7.Tests.csproj", "{8E64BB6E-4988-4730-8204-47769AD16FB2}"
EndProject
Project("{FAE04EC0-301F-11D3-BF4B-00C04F79EFBC}") = "Threadsmith.Milestone8.Tests", "..\tests\Threadsmith.Milestone8.Tests\Threadsmith.Milestone8.Tests.csproj", "{E605E868-7EAF-46D2-9E6A-D89FC723A8B4}"
EndProject
Project("{FAE04EC0-301F-11D3-BF4B-00C04F79EFBC}") = "Threadsmith.Milestone7_1.Tests", "..\tests\Threadsmith.Milestone7_1.Tests\Threadsmith.Milestone7_1.Tests.csproj", "{F6C47359-9D26-4341-B72E-E6F9C945B996}"
EndProject
Project("{FAE04EC0-301F-11D3-BF4B-00C04F79EFBC}") = "Threadsmith.Scripting.Worker", "Threadsmith.Scripting.Worker\Threadsmith.Scripting.Worker.csproj", "{A9AEE93C-D8A1-4317-A60E-CC33F1E400BF}"
EndProject
Project("{FAE04EC0-301F-11D3-BF4B-00C04F79EFBC}") = "Threadsmith.Models.OpenAiCompatible", "Threadsmith.Models.OpenAiCompatible\Threadsmith.Models.OpenAiCompatible.csproj", "{8228CF37-2E24-4D27-A19D-03639E6FA9E5}"
EndProject
Project("{FAE04EC0-301F-11D3-BF4B-00C04F79EFBC}") = "Threadsmith.Milestone7_4.Tests", "..\tests\Threadsmith.Milestone7_4.Tests\Threadsmith.Milestone7_4.Tests.csproj", "{081905EC-0665-4E2A-AE37-62D0A85C4AB8}"
EndProject
Project("{FAE04EC0-301F-11D3-BF4B-00C04F79EFBC}") = "Threadsmith.Milestone9.Tests", "..\tests\Threadsmith.Milestone9.Tests\Threadsmith.Milestone9.Tests.csproj", "{30133A46-0D05-43F6-AFF4-AEEA15C0350F}"
EndProject
Project("{FAE04EC0-301F-11D3-BF4B-00C04F79EFBC}") = "Threadsmith.Milestone10.Tests", "..\tests\Threadsmith.Milestone10.Tests\Threadsmith.Milestone10.Tests.csproj", "{1E21708B-3782-4333-ABFA-2410ADC0F9E9}"
EndProject
Project("{FAE04EC0-301F-11D3-BF4B-00C04F79EFBC}") = "Threadsmith.Milestone11.Tests", "..\tests\Threadsmith.Milestone11.Tests\Threadsmith.Milestone11.Tests.csproj", "{5360354F-E1D6-416E-97F5-DC8BCC7AED67}"
EndProject
Project("{FAE04EC0-301F-11D3-BF4B-00C04F79EFBC}") = "Threadsmith.Milestone11_1.Tests", "..\tests\Threadsmith.Milestone11_1.Tests\Threadsmith.Milestone11_1.Tests.csproj", "{1CE4187B-87D0-4255-AAB5-DD8EBD033512}"
EndProject
Project("{FAE04EC0-301F-11D3-BF4B-00C04F79EFBC}") = "Threadsmith.Skills", "Threadsmith.Skills\Threadsmith.Skills.csproj", "{202FFDC4-4270-4D8A-A147-B13FC9773D0A}"
EndProject
Project("{FAE04EC0-301F-11D3-BF4B-00C04F79EFBC}") = "Threadsmith.Milestone12.Tests", "..\tests\Threadsmith.Milestone12.Tests\Threadsmith.Milestone12.Tests.csproj", "{C96004E5-B5F5-40A5-95C2-784706F8F66D}"
EndProject
Project("{FAE04EC0-301F-11D3-BF4B-00C04F79EFBC}") = "Threadsmith.Hooks", "Threadsmith.Hooks\Threadsmith.Hooks.csproj", "{7253F348-C6BB-4197-9750-738DFACB681D}"
EndProject
Project("{FAE04EC0-301F-11D3-BF4B-00C04F79EFBC}") = "Threadsmith.Milestone13.Tests", "..\tests\Threadsmith.Milestone13.Tests\Threadsmith.Milestone13.Tests.csproj", "{2F0C4D83-BD15-4499-ADEF-A5BEDFA8CE02}"
EndProject
Project("{2150E333-8FDC-42A3-9474-1A3956D46DE8}") = "Tests", "Tests", "{D6A6484D-5446-4B1C-994A-D25C0C25A9EC}"
EndProject
Project("{FAE04EC0-301F-11D3-BF4B-00C04F79EFBC}") = "Threadsmith.Milestone14.Tests", "..\tests\Threadsmith.Milestone14.Tests\Threadsmith.Milestone14.Tests.csproj", "{7F233FB7-DDA0-42F3-B9F4-E135AAA524D3}"
EndProject
Project("{FAE04EC0-301F-11D3-BF4B-00C04F79EFBC}") = "Threadsmith.Models.OpenAiCodex", "Threadsmith.Models.OpenAiCodex\Threadsmith.Models.OpenAiCodex.csproj", "{1A16CFAA-9113-4B7B-98C0-A904FAFE0599}"
EndProject
Project("{FAE04EC0-301F-11D3-BF4B-00C04F79EFBC}") = "Threadsmith.Milestone18.Tests", "..\tests\Threadsmith.Milestone18.Tests\Threadsmith.Milestone18.Tests.csproj", "{80D445FD-BADF-43DC-8A43-7C3871DB8D47}"
EndProject
Project("{FAE04EC0-301F-11D3-BF4B-00C04F79EFBC}") = "Threadsmith.Milestone19.Tests", "..\tests\Threadsmith.Milestone19.Tests\Threadsmith.Milestone19.Tests.csproj", "{74F92F92-5EAE-47A2-98AC-3B8A3754D092}"
EndProject
Project("{FAE04EC0-301F-11D3-BF4B-00C04F79EFBC}") = "Threadsmith.Milestone22_2.Tests", "..\tests\Threadsmith.Milestone22_2.Tests\Threadsmith.Milestone22_2.Tests.csproj", "{4E8E8757-B652-4D68-BABF-B0294A92641E}"
EndProject
Project("{FAE04EC0-301F-11D3-BF4B-00C04F79EFBC}") = "Threadsmith.Milestone23.Tests", "..\tests\Threadsmith.Milestone23.Tests\Threadsmith.Milestone23.Tests.csproj", "{D8123055-29AF-4E32-91B0-9F8AEF004FAE}"
EndProject
Global
	GlobalSection(SolutionConfigurationPlatforms) = preSolution
		Debug|Any CPU = Debug|Any CPU
		Debug|x64 = Debug|x64
		Debug|x86 = Debug|x86
		Release|Any CPU = Release|Any CPU
		Release|x64 = Release|x64
		Release|x86 = Release|x86
	EndGlobalSection
	GlobalSection(ProjectConfigurationPlatforms) = postSolution
		{03707E0B-3084-4CBC-A31C-F67AEC94648D}.Debug|Any CPU.ActiveCfg = Debug|Any CPU
		{03707E0B-3084-4CBC-A31C-F67AEC94648D}.Debug|Any CPU.Build.0 = Debug|Any CPU
		{03707E0B-3084-4CBC-A31C-F67AEC94648D}.Debug|x64.ActiveCfg = Debug|Any CPU
		{03707E0B-3084-4CBC-A31C-F67AEC94648D}.Debug|x64.Build.0 = Debug|Any CPU
		{03707E0B-3084-4CBC-A31C-F67AEC94648D}.Debug|x86.ActiveCfg = Debug|Any CPU
		{03707E0B-3084-4CBC-A31C-F67AEC94648D}.Debug|x86.Build.0 = Debug|Any CPU
		{03707E0B-3084-4CBC-A31C-F67AEC94648D}.Release|Any CPU.ActiveCfg = Release|Any CPU
		{03707E0B-3084-4CBC-A31C-F67AEC94648D}.Release|Any CPU.Build.0 = Release|Any CPU
		{03707E0B-3084-4CBC-A31C-F67AEC94648D}.Release|x64.ActiveCfg = Release|Any CPU
		{03707E0B-3084-4CBC-A31C-F67AEC94648D}.Release|x64.Build.0 = Release|Any CPU
		{03707E0B-3084-4CBC-A31C-F67AEC94648D}.Release|x86.ActiveCfg = Release|Any CPU
		{03707E0B-3084-4CBC-A31C-F67AEC94648D}.Release|x86.Build.0 = Release|Any CPU
		{3A3C4843-9F5F-42DC-B7E5-B42A3D2AD162}.Debug|Any CPU.ActiveCfg = Debug|Any CPU
		{3A3C4843-9F5F-42DC-B7E5-B42A3D2AD162}.Debug|Any CPU.Build.0 = Debug|Any CPU
		{3A3C4843-9F5F-42DC-B7E5-B42A3D2AD162}.Debug|x64.ActiveCfg = Debug|Any CPU
		{3A3C4843-9F5F-42DC-B7E5-B42A3D2AD162}.Debug|x64.Build.0 = Debug|Any CPU
		{3A3C4843-9F5F-42DC-B7E5-B42A3D2AD162}.Debug|x86.ActiveCfg = Debug|Any CPU
		{3A3C4843-9F5F-42DC-B7E5-B42A3D2AD162}.Debug|x86.Build.0 = Debug|Any CPU
		{3A3C4843-9F5F-42DC-B7E5-B42A3D2AD162}.Release|Any CPU.ActiveCfg = Release|Any CPU
		{3A3C4843-9F5F-42DC-B7E5-B42A3D2AD162}.Release|Any CPU.Build.0 = Release|Any CPU
		{3A3C4843-9F5F-42DC-B7E5-B42A3D2AD162}.Release|x64.ActiveCfg = Release|Any CPU
		{3A3C4843-9F5F-42DC-B7E5-B42A3D2AD162}.Release|x64.Build.0 = Release|Any CPU
		{3A3C4843-9F5F-42DC-B7E5-B42A3D2AD162}.Release|x86.ActiveCfg = Release|Any CPU
		{3A3C4843-9F5F-42DC-B7E5-B42A3D2AD162}.Release|x86.Build.0 = Release|Any CPU
		{B08EEC1B-C97D-439B-B689-42323E3A0B9B}.Debug|Any CPU.ActiveCfg = Debug|Any CPU
		{B08EEC1B-C97D-439B-B689-42323E3A0B9B}.Debug|Any CPU.Build.0 = Debug|Any CPU
		{B08EEC1B-C97D-439B-B689-42323E3A0B9B}.Debug|x64.ActiveCfg = Debug|Any CPU
		{B08EEC1B-C97D-439B-B689-42323E3A0B9B}.Debug|x64.Build.0 = Debug|Any CPU
		{B08EEC1B-C97D-439B-B689-42323E3A0B9B}.Debug|x86.ActiveCfg = Debug|Any CPU
		{B08EEC1B-C97D-439B-B689-42323E3A0B9B}.Debug|x86.Build.0 = Debug|Any CPU
		{B08EEC1B-C97D-439B-B689-42323E3A0B9B}.Release|Any CPU.ActiveCfg = Release|Any CPU
		{B08EEC1B-C97D-439B-B689-42323E3A0B9B}.Release|Any CPU.Build.0 = Release|Any CPU
		{B08EEC1B-C97D-439B-B689-42323E3A0B9B}.Release|x64.ActiveCfg = Release|Any CPU
		{B08EEC1B-C97D-439B-B689-42323E3A0B9B}.Release|x64.Build.0 = Release|Any CPU
		{B08EEC1B-C97D-439B-B689-42323E3A0B9B}.Release|x86.ActiveCfg = Release|Any CPU
		{B08EEC1B-C97D-439B-B689-42323E3A0B9B}.Release|x86.Build.0 = Release|Any CPU
		{B9E63AC7-19A6-4FB3-9301-80AF5C263AA4}.Debug|Any CPU.ActiveCfg = Debug|Any CPU
		{B9E63AC7-19A6-4FB3-9301-80AF5C263AA4}.Debug|Any CPU.Build.0 = Debug|Any CPU
		{B9E63AC7-19A6-4FB3-9301-80AF5C263AA4}.Debug|x64.ActiveCfg = Debug|Any CPU
		{B9E63AC7-19A6-4FB3-9301-80AF5C263AA4}.Debug|x64.Build.0 = Debug|Any CPU
		{B9E63AC7-19A6-4FB3-9301-80AF5C263AA4}.Debug|x86.ActiveCfg = Debug|Any CPU
		{B9E63AC7-19A6-4FB3-9301-80AF5C263AA4}.Debug|x86.Build.0 = Debug|Any CPU
		{B9E63AC7-19A6-4FB3-9301-80AF5C263AA4}.Release|Any CPU.ActiveCfg = Release|Any CPU
		{B9E63AC7-19A6-4FB3-9301-80AF5C263AA4}.Release|Any CPU.Build.0 = Release|Any CPU
		{B9E63AC7-19A6-4FB3-9301-80AF5C263AA4}.Release|x64.ActiveCfg = Release|Any CPU
		{B9E63AC7-19A6-4FB3-9301-80AF5C263AA4}.Release|x64.Build.0 = Release|Any CPU
		{B9E63AC7-19A6-4FB3-9301-80AF5C263AA4}.Release|x86.ActiveCfg = Release|Any CPU
		{B9E63AC7-19A6-4FB3-9301-80AF5C263AA4}.Release|x86.Build.0 = Release|Any CPU
		{04D229C6-7B9F-41CB-81D3-E250C832F356}.Debug|Any CPU.ActiveCfg = Debug|Any CPU
		{04D229C6-7B9F-41CB-81D3-E250C832F356}.Debug|Any CPU.Build.0 = Debug|Any CPU
		{04D229C6-7B9F-41CB-81D3-E250C832F356}.Debug|x64.ActiveCfg = Debug|Any CPU
		{04D229C6-7B9F-41CB-81D3-E250C832F356}.Debug|x64.Build.0 = Debug|Any CPU
		{04D229C6-7B9F-41CB-81D3-E250C832F356}.Debug|x86.ActiveCfg = Debug|Any CPU
		{04D229C6-7B9F-41CB-81D3-E250C832F356}.Debug|x86.Build.0 = Debug|Any CPU
		{04D229C6-7B9F-41CB-81D3-E250C832F356}.Release|Any CPU.ActiveCfg = Release|Any CPU
		{04D229C6-7B9F-41CB-81D3-E250C832F356}.Release|Any CPU.Build.0 = Release|Any CPU
		{04D229C6-7B9F-41CB-81D3-E250C832F356}.Release|x64.ActiveCfg = Release|Any CPU
		{04D229C6-7B9F-41CB-81D3-E250C832F356}.Release|x64.Build.0 = Release|Any CPU
		{04D229C6-7B9F-41CB-81D3-E250C832F356}.Release|x86.ActiveCfg = Release|Any CPU
		{04D229C6-7B9F-41CB-81D3-E250C832F356}.Release|x86.Build.0 = Release|Any CPU
		{C6E96473-7AA0-4C4B-B5A5-6610DF71BA01}.Debug|Any CPU.ActiveCfg = Debug|Any CPU
		{C6E96473-7AA0-4C4B-B5A5-6610DF71BA01}.Debug|Any CPU.Build.0 = Debug|Any CPU
		{C6E96473-7AA0-4C4B-B5A5-6610DF71BA01}.Debug|x64.ActiveCfg = Debug|Any CPU
		{C6E96473-7AA0-4C4B-B5A5-6610DF71BA01}.Debug|x64.Build.0 = Debug|Any CPU
		{C6E96473-7AA0-4C4B-B5A5-6610DF71BA01}.Debug|x86.ActiveCfg = Debug|Any CPU
		{C6E96473-7AA0-4C4B-B5A5-6610DF71BA01}.Debug|x86.Build.0 = Debug|Any CPU
		{C6E96473-7AA0-4C4B-B5A5-6610DF71BA01}.Release|Any CPU.ActiveCfg = Release|Any CPU
		{C6E96473-7AA0-4C4B-B5A5-6610DF71BA01}.Release|Any CPU.Build.0 = Release|Any CPU
		{C6E96473-7AA0-4C4B-B5A5-6610DF71BA01}.Release|x64.ActiveCfg = Release|Any CPU
		{C6E96473-7AA0-4C4B-B5A5-6610DF71BA01}.Release|x64.Build.0 = Release|Any CPU
		{C6E96473-7AA0-4C4B-B5A5-6610DF71BA01}.Release|x86.ActiveCfg = Release|Any CPU
		{C6E96473-7AA0-4C4B-B5A5-6610DF71BA01}.Release|x86.Build.0 = Release|Any CPU
		{10471FBB-A59F-4F8E-AB7A-0DACCB3392CD}.Debug|Any CPU.ActiveCfg = Debug|Any CPU
		{10471FBB-A59F-4F8E-AB7A-0DACCB3392CD}.Debug|Any CPU.Build.0 = Debug|Any CPU
		{10471FBB-A59F-4F8E-AB7A-0DACCB3392CD}.Debug|x64.ActiveCfg = Debug|Any CPU
		{10471FBB-A59F-4F8E-AB7A-0DACCB3392CD}.Debug|x64.Build.0 = Debug|Any CPU
		{10471FBB-A59F-4F8E-AB7A-0DACCB3392CD}.Debug|x86.ActiveCfg = Debug|Any CPU
		{10471FBB-A59F-4F8E-AB7A-0DACCB3392CD}.Debug|x86.Build.0 = Debug|Any CPU
		{10471FBB-A59F-4F8E-AB7A-0DACCB3392CD}.Release|Any CPU.ActiveCfg = Release|Any CPU
		{10471FBB-A59F-4F8E-AB7A-0DACCB3392CD}.Release|Any CPU.Build.0 = Release|Any CPU
		{10471FBB-A59F-4F8E-AB7A-0DACCB3392CD}.Release|x64.ActiveCfg = Release|Any CPU
		{10471FBB-A59F-4F8E-AB7A-0DACCB3392CD}.Release|x64.Build.0 = Release|Any CPU
		{10471FBB-A59F-4F8E-AB7A-0DACCB3392CD}.Release|x86.ActiveCfg = Release|Any CPU
		{10471FBB-A59F-4F8E-AB7A-0DACCB3392CD}.Release|x86.Build.0 = Release|Any CPU
		{80F85F2F-602E-4787-9948-2D17FFD1B236}.Debug|Any CPU.ActiveCfg = Debug|Any CPU
		{80F85F2F-602E-4787-9948-2D17FFD1B236}.Debug|Any CPU.Build.0 = Debug|Any CPU
		{80F85F2F-602E-4787-9948-2D17FFD1B236}.Debug|x64.ActiveCfg = Debug|Any CPU
		{80F85F2F-602E-4787-9948-2D17FFD1B236}.Debug|x64.Build.0 = Debug|Any CPU
		{80F85F2F-602E-4787-9948-2D17FFD1B236}.Debug|x86.ActiveCfg = Debug|Any CPU
		{80F85F2F-602E-4787-9948-2D17FFD1B236}.Debug|x86.Build.0 = Debug|Any CPU
		{80F85F2F-602E-4787-9948-2D17FFD1B236}.Release|Any CPU.ActiveCfg = Release|Any CPU
		{80F85F2F-602E-4787-9948-2D17FFD1B236}.Release|Any CPU.Build.0 = Release|Any CPU
		{80F85F2F-602E-4787-9948-2D17FFD1B236}.Release|x64.ActiveCfg = Release|Any CPU
		{80F85F2F-602E-4787-9948-2D17FFD1B236}.Release|x64.Build.0 = Release|Any CPU
		{80F85F2F-602E-4787-9948-2D17FFD1B236}.Release|x86.ActiveCfg = Release|Any CPU
		{80F85F2F-602E-4787-9948-2D17FFD1B236}.Release|x86.Build.0 = Release|Any CPU
		{89BDB746-A822-4A73-A1F4-361689FFAEF8}.Debug|Any CPU.ActiveCfg = Debug|Any CPU
		{89BDB746-A822-4A73-A1F4-361689FFAEF8}.Debug|Any CPU.Build.0 = Debug|Any CPU
		{89BDB746-A822-4A73-A1F4-361689FFAEF8}.Debug|x64.ActiveCfg = Debug|Any CPU
		{89BDB746-A822-4A73-A1F4-361689FFAEF8}.Debug|x64.Build.0 = Debug|Any CPU
		{89BDB746-A822-4A73-A1F4-361689FFAEF8}.Debug|x86.ActiveCfg = Debug|Any CPU
		{89BDB746-A822-4A73-A1F4-361689FFAEF8}.Debug|x86.Build.0 = Debug|Any CPU
		{89BDB746-A822-4A73-A1F4-361689FFAEF8}.Release|Any CPU.ActiveCfg = Release|Any CPU
		{89BDB746-A822-4A73-A1F4-361689FFAEF8}.Release|Any CPU.Build.0 = Release|Any CPU
		{89BDB746-A822-4A73-A1F4-361689FFAEF8}.Release|x64.ActiveCfg = Release|Any CPU
		{89BDB746-A822-4A73-A1F4-361689FFAEF8}.Release|x64.Build.0 = Release|Any CPU
		{89BDB746-A822-4A73-A1F4-361689FFAEF8}.Release|x86.ActiveCfg = Release|Any CPU
		{89BDB746-A822-4A73-A1F4-361689FFAEF8}.Release|x86.Build.0 = Release|Any CPU
		{5377C26E-31BD-4104-A79D-93C83ED5751A}.Debug|Any CPU.ActiveCfg = Debug|Any CPU
		{5377C26E-31BD-4104-A79D-93C83ED5751A}.Debug|Any CPU.Build.0 = Debug|Any CPU
		{5377C26E-31BD-4104-A79D-93C83ED5751A}.Debug|x64.ActiveCfg = Debug|Any CPU
		{5377C26E-31BD-4104-A79D-93C83ED5751A}.Debug|x64.Build.0 = Debug|Any CPU
		{5377C26E-31BD-4104-A79D-93C83ED5751A}.Debug|x86.ActiveCfg = Debug|Any CPU
		{5377C26E-31BD-4104-A79D-93C83ED5751A}.Debug|x86.Build.0 = Debug|Any CPU
		{5377C26E-31BD-4104-A79D-93C83ED5751A}.Release|Any CPU.ActiveCfg = Release|Any CPU
		{5377C26E-31BD-4104-A79D-93C83ED5751A}.Release|Any CPU.Build.0 = Release|Any CPU
		{5377C26E-31BD-4104-A79D-93C83ED5751A}.Release|x64.ActiveCfg = Release|Any CPU
		{5377C26E-31BD-4104-A79D-93C83ED5751A}.Release|x64.Build.0 = Release|Any CPU
		{5377C26E-31BD-4104-A79D-93C83ED5751A}.Release|x86.ActiveCfg = Release|Any CPU
		{5377C26E-31BD-4104-A79D-93C83ED5751A}.Release|x86.Build.0 = Release|Any CPU
		{8213ECEA-F92E-4DF2-BE32-0FA984072967}.Debug|Any CPU.ActiveCfg = Debug|Any CPU
		{8213ECEA-F92E-4DF2-BE32-0FA984072967}.Debug|Any CPU.Build.0 = Debug|Any CPU
		{8213ECEA-F92E-4DF2-BE32-0FA984072967}.Debug|x64.ActiveCfg = Debug|Any CPU
		{8213ECEA-F92E-4DF2-BE32-0FA984072967}.Debug|x64.Build.0 = Debug|Any CPU
		{8213ECEA-F92E-4DF2-BE32-0FA984072967}.Debug|x86.ActiveCfg = Debug|Any CPU
		{8213ECEA-F92E-4DF2-BE32-0FA984072967}.Debug|x86.Build.0 = Debug|Any CPU
		{8213ECEA-F92E-4DF2-BE32-0FA984072967}.Release|Any CPU.ActiveCfg = Release|Any CPU
		{8213ECEA-F92E-4DF2-BE32-0FA984072967}.Release|Any CPU.Build.0 = Release|Any CPU
		{8213ECEA-F92E-4DF2-BE32-0FA984072967}.Release|x64.ActiveCfg = Release|Any CPU
		{8213ECEA-F92E-4DF2-BE32-0FA984072967}.Release|x64.Build.0 = Release|Any CPU
		{8213ECEA-F92E-4DF2-BE32-0FA984072967}.Release|x86.ActiveCfg = Release|Any CPU
		{8213ECEA-F92E-4DF2-BE32-0FA984072967}.Release|x86.Build.0 = Release|Any CPU
		{4BAA9159-1D4D-460D-8ED4-D328C95D8A4E}.Debug|Any CPU.ActiveCfg = Debug|Any CPU
		{4BAA9159-1D4D-460D-8ED4-D328C95D8A4E}.Debug|Any CPU.Build.0 = Debug|Any CPU
		{4BAA9159-1D4D-460D-8ED4-D328C95D8A4E}.Debug|x64.ActiveCfg = Debug|Any CPU
		{4BAA9159-1D4D-460D-8ED4-D328C95D8A4E}.Debug|x64.Build.0 = Debug|Any CPU
		{4BAA9159-1D4D-460D-8ED4-D328C95D8A4E}.Debug|x86.ActiveCfg = Debug|Any CPU
		{4BAA9159-1D4D-460D-8ED4-D328C95D8A4E}.Debug|x86.Build.0 = Debug|Any CPU
		{4BAA9159-1D4D-460D-8ED4-D328C95D8A4E}.Release|Any CPU.ActiveCfg = Release|Any CPU
		{4BAA9159-1D4D-460D-8ED4-D328C95D8A4E}.Release|Any CPU.Build.0 = Release|Any CPU
		{4BAA9159-1D4D-460D-8ED4-D328C95D8A4E}.Release|x64.ActiveCfg = Release|Any CPU
		{4BAA9159-1D4D-460D-8ED4-D328C95D8A4E}.Release|x64.Build.0 = Release|Any CPU
		{4BAA9159-1D4D-460D-8ED4-D328C95D8A4E}.Release|x86.ActiveCfg = Release|Any CPU
		{4BAA9159-1D4D-460D-8ED4-D328C95D8A4E}.Release|x86.Build.0 = Release|Any CPU
		{51DF2E29-7A8A-40C3-8C61-4302064BAB9E}.Debug|Any CPU.ActiveCfg = Debug|Any CPU
		{51DF2E29-7A8A-40C3-8C61-4302064BAB9E}.Debug|Any CPU.Build.0 = Debug|Any CPU
		{51DF2E29-7A8A-40C3-8C61-4302064BAB9E}.Debug|x64.ActiveCfg = Debug|Any CPU
		{51DF2E29-7A8A-40C3-8C61-4302064BAB9E}.Debug|x64.Build.0 = Debug|Any CPU
		{51DF2E29-7A8A-40C3-8C61-4302064BAB9E}.Debug|x86.ActiveCfg = Debug|Any CPU
		{51DF2E29-7A8A-40C3-8C61-4302064BAB9E}.Debug|x86.Build.0 = Debug|Any CPU
		{51DF2E29-7A8A-40C3-8C61-4302064BAB9E}.Release|Any CPU.ActiveCfg = Release|Any CPU
		{51DF2E29-7A8A-40C3-8C61-4302064BAB9E}.Release|Any CPU.Build.0 = Release|Any CPU
		{51DF2E29-7A8A-40C3-8C61-4302064BAB9E}.Release|x64.ActiveCfg = Release|Any CPU
		{51DF2E29-7A8A-40C3-8C61-4302064BAB9E}.Release|x64.Build.0 = Release|Any CPU
		{51DF2E29-7A8A-40C3-8C61-4302064BAB9E}.Release|x86.ActiveCfg = Release|Any CPU
		{51DF2E29-7A8A-40C3-8C61-4302064BAB9E}.Release|x86.Build.0 = Release|Any CPU
		{48AB5CCB-FBF5-4F6E-BA2E-064B57E9F3A8}.Debug|Any CPU.ActiveCfg = Debug|Any CPU
		{48AB5CCB-FBF5-4F6E-BA2E-064B57E9F3A8}.Debug|Any CPU.Build.0 = Debug|Any CPU
		{48AB5CCB-FBF5-4F6E-BA2E-064B57E9F3A8}.Debug|x64.ActiveCfg = Debug|Any CPU
		{48AB5CCB-FBF5-4F6E-BA2E-064B57E9F3A8}.Debug|x64.Build.0 = Debug|Any CPU
		{48AB5CCB-FBF5-4F6E-BA2E-064B57E9F3A8}.Debug|x86.ActiveCfg = Debug|Any CPU
		{48AB5CCB-FBF5-4F6E-BA2E-064B57E9F3A8}.Debug|x86.Build.0 = Debug|Any CPU
		{48AB5CCB-FBF5-4F6E-BA2E-064B57E9F3A8}.Release|Any CPU.ActiveCfg = Release|Any CPU
		{48AB5CCB-FBF5-4F6E-BA2E-064B57E9F3A8}.Release|Any CPU.Build.0 = Release|Any CPU
		{48AB5CCB-FBF5-4F6E-BA2E-064B57E9F3A8}.Release|x64.ActiveCfg = Release|Any CPU
		{48AB5CCB-FBF5-4F6E-BA2E-064B57E9F3A8}.Release|x64.Build.0 = Release|Any CPU
		{48AB5CCB-FBF5-4F6E-BA2E-064B57E9F3A8}.Release|x86.ActiveCfg = Release|Any CPU
		{48AB5CCB-FBF5-4F6E-BA2E-064B57E9F3A8}.Release|x86.Build.0 = Release|Any CPU
		{08CDA689-1F70-47DC-AD75-A9177AABFA85}.Debug|Any CPU.ActiveCfg = Debug|Any CPU
		{08CDA689-1F70-47DC-AD75-A9177AABFA85}.Debug|Any CPU.Build.0 = Debug|Any CPU
		{08CDA689-1F70-47DC-AD75-A9177AABFA85}.Debug|x64.ActiveCfg = Debug|Any CPU
		{08CDA689-1F70-47DC-AD75-A9177AABFA85}.Debug|x64.Build.0 = Debug|Any CPU
		{08CDA689-1F70-47DC-AD75-A9177AABFA85}.Debug|x86.ActiveCfg = Debug|Any CPU
		{08CDA689-1F70-47DC-AD75-A9177AABFA85}.Debug|x86.Build.0 = Debug|Any CPU
		{08CDA689-1F70-47DC-AD75-A9177AABFA85}.Release|Any CPU.ActiveCfg = Release|Any CPU
		{08CDA689-1F70-47DC-AD75-A9177AABFA85}.Release|Any CPU.Build.0 = Release|Any CPU
		{08CDA689-1F70-47DC-AD75-A9177AABFA85}.Release|x64.ActiveCfg = Release|Any CPU
		{08CDA689-1F70-47DC-AD75-A9177AABFA85}.Release|x64.Build.0 = Release|Any CPU
		{08CDA689-1F70-47DC-AD75-A9177AABFA85}.Release|x86.ActiveCfg = Release|Any CPU
		{08CDA689-1F70-47DC-AD75-A9177AABFA85}.Release|x86.Build.0 = Release|Any CPU
		{43ADC044-B428-4775-97DC-4D553C1CDFA9}.Debug|Any CPU.ActiveCfg = Debug|Any CPU
		{43ADC044-B428-4775-97DC-4D553C1CDFA9}.Debug|Any CPU.Build.0 = Debug|Any CPU
		{43ADC044-B428-4775-97DC-4D553C1CDFA9}.Debug|x64.ActiveCfg = Debug|Any CPU
		{43ADC044-B428-4775-97DC-4D553C1CDFA9}.Debug|x64.Build.0 = Debug|Any CPU
		{43ADC044-B428-4775-97DC-4D553C1CDFA9}.Debug|x86.ActiveCfg = Debug|Any CPU
		{43ADC044-B428-4775-97DC-4D553C1CDFA9}.Debug|x86.Build.0 = Debug|Any CPU
		{43ADC044-B428-4775-97DC-4D553C1CDFA9}.Release|Any CPU.ActiveCfg = Release|Any CPU
		{43ADC044-B428-4775-97DC-4D553C1CDFA9}.Release|Any CPU.Build.0 = Release|Any CPU
		{43ADC044-B428-4775-97DC-4D553C1CDFA9}.Release|x64.ActiveCfg = Release|Any CPU
		{43ADC044-B428-4775-97DC-4D553C1CDFA9}.Release|x64.Build.0 = Release|Any CPU
		{43ADC044-B428-4775-97DC-4D553C1CDFA9}.Release|x86.ActiveCfg = Release|Any CPU
		{43ADC044-B428-4775-97DC-4D553C1CDFA9}.Release|x86.Build.0 = Release|Any CPU
		{3AE7D0D4-5F11-42FD-A14C-35597AD7E269}.Debug|Any CPU.ActiveCfg = Debug|Any CPU
		{3AE7D0D4-5F11-42FD-A14C-35597AD7E269}.Debug|Any CPU.Build.0 = Debug|Any CPU
		{3AE7D0D4-5F11-42FD-A14C-35597AD7E269}.Debug|x64.ActiveCfg = Debug|Any CPU
		{3AE7D0D4-5F11-42FD-A14C-35597AD7E269}.Debug|x64.Build.0 = Debug|Any CPU
		{3AE7D0D4-5F11-42FD-A14C-35597AD7E269}.Debug|x86.ActiveCfg = Debug|Any CPU
		{3AE7D0D4-5F11-42FD-A14C-35597AD7E269}.Debug|x86.Build.0 = Debug|Any CPU
		{3AE7D0D4-5F11-42FD-A14C-35597AD7E269}.Release|Any CPU.ActiveCfg = Release|Any CPU
		{3AE7D0D4-5F11-42FD-A14C-35597AD7E269}.Release|Any CPU.Build.0 = Release|Any CPU
		{3AE7D0D4-5F11-42FD-A14C-35597AD7E269}.Release|x64.ActiveCfg = Release|Any CPU
		{3AE7D0D4-5F11-42FD-A14C-35597AD7E269}.Release|x64.Build.0 = Release|Any CPU
		{3AE7D0D4-5F11-42FD-A14C-35597AD7E269}.Release|x86.ActiveCfg = Release|Any CPU
		{3AE7D0D4-5F11-42FD-A14C-35597AD7E269}.Release|x86.Build.0 = Release|Any CPU
		{90348715-D8A6-4BB2-8FE5-5923EDA5385D}.Debug|Any CPU.ActiveCfg = Debug|Any CPU
		{90348715-D8A6-4BB2-8FE5-5923EDA5385D}.Debug|Any CPU.Build.0 = Debug|Any CPU
		{90348715-D8A6-4BB2-8FE5-5923EDA5385D}.Debug|x64.ActiveCfg = Debug|Any CPU
		{90348715-D8A6-4BB2-8FE5-5923EDA5385D}.Debug|x64.Build.0 = Debug|Any CPU
		{90348715-D8A6-4BB2-8FE5-5923EDA5385D}.Debug|x86.ActiveCfg = Debug|Any CPU
		{90348715-D8A6-4BB2-8FE5-5923EDA5385D}.Debug|x86.Build.0 = Debug|Any CPU
		{90348715-D8A6-4BB2-8FE5-5923EDA5385D}.Release|Any CPU.ActiveCfg = Release|Any CPU
		{90348715-D8A6-4BB2-8FE5-5923EDA5385D}.Release|Any CPU.Build.0 = Release|Any CPU
		{90348715-D8A6-4BB2-8FE5-5923EDA5385D}.Release|x64.ActiveCfg = Release|Any CPU
		{90348715-D8A6-4BB2-8FE5-5923EDA5385D}.Release|x64.Build.0 = Release|Any CPU
		{90348715-D8A6-4BB2-8FE5-5923EDA5385D}.Release|x86.ActiveCfg = Release|Any CPU
		{90348715-D8A6-4BB2-8FE5-5923EDA5385D}.Release|x86.Build.0 = Release|Any CPU
		{A2A09C4C-6D9F-42D5-B4F0-522601358668}.Debug|Any CPU.ActiveCfg = Debug|Any CPU
		{A2A09C4C-6D9F-42D5-B4F0-522601358668}.Debug|Any CPU.Build.0 = Debug|Any CPU
		{A2A09C4C-6D9F-42D5-B4F0-522601358668}.Debug|x64.ActiveCfg = Debug|Any CPU
		{A2A09C4C-6D9F-42D5-B4F0-522601358668}.Debug|x64.Build.0 = Debug|Any CPU
		{A2A09C4C-6D9F-42D5-B4F0-522601358668}.Debug|x86.ActiveCfg = Debug|Any CPU
		{A2A09C4C-6D9F-42D5-B4F0-522601358668}.Debug|x86.Build.0 = Debug|Any CPU
		{A2A09C4C-6D9F-42D5-B4F0-522601358668}.Release|Any CPU.ActiveCfg = Release|Any CPU
		{A2A09C4C-6D9F-42D5-B4F0-522601358668}.Release|Any CPU.Build.0 = Release|Any CPU
		{A2A09C4C-6D9F-42D5-B4F0-522601358668}.Release|x64.ActiveCfg = Release|Any CPU
		{A2A09C4C-6D9F-42D5-B4F0-522601358668}.Release|x64.Build.0 = Release|Any CPU
		{A2A09C4C-6D9F-42D5-B4F0-522601358668}.Release|x86.ActiveCfg = Release|Any CPU
		{A2A09C4C-6D9F-42D5-B4F0-522601358668}.Release|x86.Build.0 = Release|Any CPU
		{6D74E84A-C78E-4DF2-95A4-D8B746E2C221}.Debug|Any CPU.ActiveCfg = Debug|Any CPU
		{6D74E84A-C78E-4DF2-95A4-D8B746E2C221}.Debug|Any CPU.Build.0 = Debug|Any CPU
		{6D74E84A-C78E-4DF2-95A4-D8B746E2C221}.Debug|x64.ActiveCfg = Debug|Any CPU
		{6D74E84A-C78E-4DF2-95A4-D8B746E2C221}.Debug|x64.Build.0 = Debug|Any CPU
		{6D74E84A-C78E-4DF2-95A4-D8B746E2C221}.Debug|x86.ActiveCfg = Debug|Any CPU
		{6D74E84A-C78E-4DF2-95A4-D8B746E2C221}.Debug|x86.Build.0 = Debug|Any CPU
		{6D74E84A-C78E-4DF2-95A4-D8B746E2C221}.Release|Any CPU.ActiveCfg = Release|Any CPU
		{6D74E84A-C78E-4DF2-95A4-D8B746E2C221}.Release|Any CPU.Build.0 = Release|Any CPU
		{6D74E84A-C78E-4DF2-95A4-D8B746E2C221}.Release|x64.ActiveCfg = Release|Any CPU
		{6D74E84A-C78E-4DF2-95A4-D8B746E2C221}.Release|x64.Build.0 = Release|Any CPU
		{6D74E84A-C78E-4DF2-95A4-D8B746E2C221}.Release|x86.ActiveCfg = Release|Any CPU
		{6D74E84A-C78E-4DF2-95A4-D8B746E2C221}.Release|x86.Build.0 = Release|Any CPU
		{255C3822-9ADB-46F4-AED8-388DE3BDD29C}.Debug|Any CPU.ActiveCfg = Debug|Any CPU
		{255C3822-9ADB-46F4-AED8-388DE3BDD29C}.Debug|Any CPU.Build.0 = Debug|Any CPU
		{255C3822-9ADB-46F4-AED8-388DE3BDD29C}.Debug|x64.ActiveCfg = Debug|Any CPU
		{255C3822-9ADB-46F4-AED8-388DE3BDD29C}.Debug|x64.Build.0 = Debug|Any CPU
		{255C3822-9ADB-46F4-AED8-388DE3BDD29C}.Debug|x86.ActiveCfg = Debug|Any CPU
		{255C3822-9ADB-46F4-AED8-388DE3BDD29C}.Debug|x86.Build.0 = Debug|Any CPU
		{255C3822-9ADB-46F4-AED8-388DE3BDD29C}.Release|Any CPU.ActiveCfg = Release|Any CPU
		{255C3822-9ADB-46F4-AED8-388DE3BDD29C}.Release|Any CPU.Build.0 = Release|Any CPU
		{255C3822-9ADB-46F4-AED8-388DE3BDD29C}.Release|x64.ActiveCfg = Release|Any CPU
		{255C3822-9ADB-46F4-AED8-388DE3BDD29C}.Release|x64.Build.0 = Release|Any CPU
		{255C3822-9ADB-46F4-AED8-388DE3BDD29C}.Release|x86.ActiveCfg = Release|Any CPU
		{255C3822-9ADB-46F4-AED8-388DE3BDD29C}.Release|x86.Build.0 = Release|Any CPU
		{6C7709F4-73BD-4DE4-A573-D7714813A238}.Debug|Any CPU.ActiveCfg = Debug|Any CPU
		{6C7709F4-73BD-4DE4-A573-D7714813A238}.Debug|Any CPU.Build.0 = Debug|Any CPU
		{6C7709F4-73BD-4DE4-A573-D7714813A238}.Debug|x64.ActiveCfg = Debug|Any CPU
		{6C7709F4-73BD-4DE4-A573-D7714813A238}.Debug|x64.Build.0 = Debug|Any CPU
		{6C7709F4-73BD-4DE4-A573-D7714813A238}.Debug|x86.ActiveCfg = Debug|Any CPU
		{6C7709F4-73BD-4DE4-A573-D7714813A238}.Debug|x86.Build.0 = Debug|Any CPU
		{6C7709F4-73BD-4DE4-A573-D7714813A238}.Release|Any CPU.ActiveCfg = Release|Any CPU
		{6C7709F4-73BD-4DE4-A573-D7714813A238}.Release|Any CPU.Build.0 = Release|Any CPU
		{6C7709F4-73BD-4DE4-A573-D7714813A238}.Release|x64.ActiveCfg = Release|Any CPU
		{6C7709F4-73BD-4DE4-A573-D7714813A238}.Release|x64.Build.0 = Release|Any CPU
		{6C7709F4-73BD-4DE4-A573-D7714813A238}.Release|x86.ActiveCfg = Release|Any CPU
		{6C7709F4-73BD-4DE4-A573-D7714813A238}.Release|x86.Build.0 = Release|Any CPU
		{63D4CF51-855D-460B-95C7-23BA3093B069}.Debug|Any CPU.ActiveCfg = Debug|Any CPU
		{63D4CF51-855D-460B-95C7-23BA3093B069}.Debug|Any CPU.Build.0 = Debug|Any CPU
		{63D4CF51-855D-460B-95C7-23BA3093B069}.Debug|x64.ActiveCfg = Debug|Any CPU
		{63D4CF51-855D-460B-95C7-23BA3093B069}.Debug|x64.Build.0 = Debug|Any CPU
		{63D4CF51-855D-460B-95C7-23BA3093B069}.Debug|x86.ActiveCfg = Debug|Any CPU
		{63D4CF51-855D-460B-95C7-23BA3093B069}.Debug|x86.Build.0 = Debug|Any CPU
		{63D4CF51-855D-460B-95C7-23BA3093B069}.Release|Any CPU.ActiveCfg = Release|Any CPU
		{63D4CF51-855D-460B-95C7-23BA3093B069}.Release|Any CPU.Build.0 = Release|Any CPU
		{63D4CF51-855D-460B-95C7-23BA3093B069}.Release|x64.ActiveCfg = Release|Any CPU
		{63D4CF51-855D-460B-95C7-23BA3093B069}.Release|x64.Build.0 = Release|Any CPU
		{63D4CF51-855D-460B-95C7-23BA3093B069}.Release|x86.ActiveCfg = Release|Any CPU
		{63D4CF51-855D-460B-95C7-23BA3093B069}.Release|x86.Build.0 = Release|Any CPU
		{4E79E043-13B0-4535-A1C9-07205A8D0DD8}.Debug|Any CPU.ActiveCfg = Debug|Any CPU
		{4E79E043-13B0-4535-A1C9-07205A8D0DD8}.Debug|Any CPU.Build.0 = Debug|Any CPU
		{4E79E043-13B0-4535-A1C9-07205A8D0DD8}.Debug|x64.ActiveCfg = Debug|Any CPU
		{4E79E043-13B0-4535-A1C9-07205A8D0DD8}.Debug|x64.Build.0 = Debug|Any CPU
		{4E79E043-13B0-4535-A1C9-07205A8D0DD8}.Debug|x86.ActiveCfg = Debug|Any CPU
		{4E79E043-13B0-4535-A1C9-07205A8D0DD8}.Debug|x86.Build.0 = Debug|Any CPU
		{4E79E043-13B0-4535-A1C9-07205A8D0DD8}.Release|Any CPU.ActiveCfg = Release|Any CPU
		{4E79E043-13B0-4535-A1C9-07205A8D0DD8}.Release|Any CPU.Build.0 = Release|Any CPU
		{4E79E043-13B0-4535-A1C9-07205A8D0DD8}.Release|x64.ActiveCfg = Release|Any CPU
		{4E79E043-13B0-4535-A1C9-07205A8D0DD8}.Release|x64.Build.0 = Release|Any CPU
		{4E79E043-13B0-4535-A1C9-07205A8D0DD8}.Release|x86.ActiveCfg = Release|Any CPU
		{4E79E043-13B0-4535-A1C9-07205A8D0DD8}.Release|x86.Build.0 = Release|Any CPU
		{8E64BB6E-4988-4730-8204-47769AD16FB2}.Debug|Any CPU.ActiveCfg = Debug|Any CPU
		{8E64BB6E-4988-4730-8204-47769AD16FB2}.Debug|Any CPU.Build.0 = Debug|Any CPU
		{8E64BB6E-4988-4730-8204-47769AD16FB2}.Debug|x64.ActiveCfg = Debug|Any CPU
		{8E64BB6E-4988-4730-8204-47769AD16FB2}.Debug|x64.Build.0 = Debug|Any CPU
		{8E64BB6E-4988-4730-8204-47769AD16FB2}.Debug|x86.ActiveCfg = Debug|Any CPU
		{8E64BB6E-4988-4730-8204-47769AD16FB2}.Debug|x86.Build.0 = Debug|Any CPU
		{8E64BB6E-4988-4730-8204-47769AD16FB2}.Release|Any CPU.ActiveCfg = Release|Any CPU
		{8E64BB6E-4988-4730-8204-47769AD16FB2}.Release|Any CPU.Build.0 = Release|Any CPU
		{8E64BB6E-4988-4730-8204-47769AD16FB2}.Release|x64.ActiveCfg = Release|Any CPU
		{8E64BB6E-4988-4730-8204-47769AD16FB2}.Release|x64.Build.0 = Release|Any CPU
		{8E64BB6E-4988-4730-8204-47769AD16FB2}.Release|x86.ActiveCfg = Release|Any CPU
		{8E64BB6E-4988-4730-8204-47769AD16FB2}.Release|x86.Build.0 = Release|Any CPU
		{E605E868-7EAF-46D2-9E6A-D89FC723A8B4}.Debug|Any CPU.ActiveCfg = Debug|Any CPU
		{E605E868-7EAF-46D2-9E6A-D89FC723A8B4}.Debug|Any CPU.Build.0 = Debug|Any CPU
		{E605E868-7EAF-46D2-9E6A-D89FC723A8B4}.Debug|x64.ActiveCfg = Debug|Any CPU
		{E605E868-7EAF-46D2-9E6A-D89FC723A8B4}.Debug|x64.Build.0 = Debug|Any CPU
		{E605E868-7EAF-46D2-9E6A-D89FC723A8B4}.Debug|x86.ActiveCfg = Debug|Any CPU
		{E605E868-7EAF-46D2-9E6A-D89FC723A8B4}.Debug|x86.Build.0 = Debug|Any CPU
		{E605E868-7EAF-46D2-9E6A-D89FC723A8B4}.Release|Any CPU.ActiveCfg = Release|Any CPU
		{E605E868-7EAF-46D2-9E6A-D89FC723A8B4}.Release|Any CPU.Build.0 = Release|Any CPU
		{E605E868-7EAF-46D2-9E6A-D89FC723A8B4}.Release|x64.ActiveCfg = Release|Any CPU
		{E605E868-7EAF-46D2-9E6A-D89FC723A8B4}.Release|x64.Build.0 = Release|Any CPU
		{E605E868-7EAF-46D2-9E6A-D89FC723A8B4}.Release|x86.ActiveCfg = Release|Any CPU
		{E605E868-7EAF-46D2-9E6A-D89FC723A8B4}.Release|x86.Build.0 = Release|Any CPU
		{F6C47359-9D26-4341-B72E-E6F9C945B996}.Debug|Any CPU.ActiveCfg = Debug|Any CPU
		{F6C47359-9D26-4341-B72E-E6F9C945B996}.Debug|Any CPU.Build.0 = Debug|Any CPU
		{F6C47359-9D26-4341-B72E-E6F9C945B996}.Debug|x64.ActiveCfg = Debug|Any CPU
		{F6C47359-9D26-4341-B72E-E6F9C945B996}.Debug|x64.Build.0 = Debug|Any CPU
		{F6C47359-9D26-4341-B72E-E6F9C945B996}.Debug|x86.ActiveCfg = Debug|Any CPU
		{F6C47359-9D26-4341-B72E-E6F9C945B996}.Debug|x86.Build.0 = Debug|Any CPU
		{F6C47359-9D26-4341-B72E-E6F9C945B996}.Release|Any CPU.ActiveCfg = Release|Any CPU
		{F6C47359-9D26-4341-B72E-E6F9C945B996}.Release|Any CPU.Build.0 = Release|Any CPU
		{F6C47359-9D26-4341-B72E-E6F9C945B996}.Release|x64.ActiveCfg = Release|Any CPU
		{F6C47359-9D26-4341-B72E-E6F9C945B996}.Release|x64.Build.0 = Release|Any CPU
		{F6C47359-9D26-4341-B72E-E6F9C945B996}.Release|x86.ActiveCfg = Release|Any CPU
		{F6C47359-9D26-4341-B72E-E6F9C945B996}.Release|x86.Build.0 = Release|Any CPU
		{A9AEE93C-D8A1-4317-A60E-CC33F1E400BF}.Debug|Any CPU.ActiveCfg = Debug|Any CPU
		{A9AEE93C-D8A1-4317-A60E-CC33F1E400BF}.Debug|Any CPU.Build.0 = Debug|Any CPU
		{A9AEE93C-D8A1-4317-A60E-CC33F1E400BF}.Debug|x64.ActiveCfg = Debug|Any CPU
		{A9AEE93C-D8A1-4317-A60E-CC33F1E400BF}.Debug|x64.Build.0 = Debug|Any CPU
		{A9AEE93C-D8A1-4317-A60E-CC33F1E400BF}.Debug|x86.ActiveCfg = Debug|Any CPU
		{A9AEE93C-D8A1-4317-A60E-CC33F1E400BF}.Debug|x86.Build.0 = Debug|Any CPU
		{A9AEE93C-D8A1-4317-A60E-CC33F1E400BF}.Release|Any CPU.ActiveCfg = Release|Any CPU
		{A9AEE93C-D8A1-4317-A60E-CC33F1E400BF}.Release|Any CPU.Build.0 = Release|Any CPU
		{A9AEE93C-D8A1-4317-A60E-CC33F1E400BF}.Release|x64.ActiveCfg = Release|Any CPU
		{A9AEE93C-D8A1-4317-A60E-CC33F1E400BF}.Release|x64.Build.0 = Release|Any CPU
		{A9AEE93C-D8A1-4317-A60E-CC33F1E400BF}.Release|x86.ActiveCfg = Release|Any CPU
		{A9AEE93C-D8A1-4317-A60E-CC33F1E400BF}.Release|x86.Build.0 = Release|Any CPU
		{8228CF37-2E24-4D27-A19D-03639E6FA9E5}.Debug|Any CPU.ActiveCfg = Debug|Any CPU
		{8228CF37-2E24-4D27-A19D-03639E6FA9E5}.Debug|Any CPU.Build.0 = Debug|Any CPU
		{8228CF37-2E24-4D27-A19D-03639E6FA9E5}.Debug|x64.ActiveCfg = Debug|Any CPU
		{8228CF37-2E24-4D27-A19D-03639E6FA9E5}.Debug|x64.Build.0 = Debug|Any CPU
		{8228CF37-2E24-4D27-A19D-03639E6FA9E5}.Debug|x86.ActiveCfg = Debug|Any CPU
		{8228CF37-2E24-4D27-A19D-03639E6FA9E5}.Debug|x86.Build.0 = Debug|Any CPU
		{8228CF37-2E24-4D27-A19D-03639E6FA9E5}.Release|Any CPU.ActiveCfg = Release|Any CPU
		{8228CF37-2E24-4D27-A19D-03639E6FA9E5}.Release|Any CPU.Build.0 = Release|Any CPU
		{8228CF37-2E24-4D27-A19D-03639E6FA9E5}.Release|x64.ActiveCfg = Release|Any CPU
		{8228CF37-2E24-4D27-A19D-03639E6FA9E5}.Release|x64.Build.0 = Release|Any CPU
		{8228CF37-2E24-4D27-A19D-03639E6FA9E5}.Release|x86.ActiveCfg = Release|Any CPU
		{8228CF37-2E24-4D27-A19D-03639E6FA9E5}.Release|x86.Build.0 = Release|Any CPU
		{081905EC-0665-4E2A-AE37-62D0A85C4AB8}.Debug|Any CPU.ActiveCfg = Debug|Any CPU
		{081905EC-0665-4E2A-AE37-62D0A85C4AB8}.Debug|Any CPU.Build.0 = Debug|Any CPU
		{081905EC-0665-4E2A-AE37-62D0A85C4AB8}.Debug|x64.ActiveCfg = Debug|Any CPU
		{081905EC-0665-4E2A-AE37-62D0A85C4AB8}.Debug|x64.Build.0 = Debug|Any CPU
		{081905EC-0665-4E2A-AE37-62D0A85C4AB8}.Debug|x86.ActiveCfg = Debug|Any CPU
		{081905EC-0665-4E2A-AE37-62D0A85C4AB8}.Debug|x86.Build.0 = Debug|Any CPU
		{081905EC-0665-4E2A-AE37-62D0A85C4AB8}.Release|Any CPU.ActiveCfg = Release|Any CPU
		{081905EC-0665-4E2A-AE37-62D0A85C4AB8}.Release|Any CPU.Build.0 = Release|Any CPU
		{081905EC-0665-4E2A-AE37-62D0A85C4AB8}.Release|x64.ActiveCfg = Release|Any CPU
		{081905EC-0665-4E2A-AE37-62D0A85C4AB8}.Release|x64.Build.0 = Release|Any CPU
		{081905EC-0665-4E2A-AE37-62D0A85C4AB8}.Release|x86.ActiveCfg = Release|Any CPU
		{081905EC-0665-4E2A-AE37-62D0A85C4AB8}.Release|x86.Build.0 = Release|Any CPU
		{30133A46-0D05-43F6-AFF4-AEEA15C0350F}.Debug|Any CPU.ActiveCfg = Debug|Any CPU
		{30133A46-0D05-43F6-AFF4-AEEA15C0350F}.Debug|Any CPU.Build.0 = Debug|Any CPU
		{30133A46-0D05-43F6-AFF4-AEEA15C0350F}.Debug|x64.ActiveCfg = Debug|Any CPU
		{30133A46-0D05-43F6-AFF4-AEEA15C0350F}.Debug|x64.Build.0 = Debug|Any CPU
		{30133A46-0D05-43F6-AFF4-AEEA15C0350F}.Debug|x86.ActiveCfg = Debug|Any CPU
		{30133A46-0D05-43F6-AFF4-AEEA15C0350F}.Debug|x86.Build.0 = Debug|Any CPU
		{30133A46-0D05-43F6-AFF4-AEEA15C0350F}.Release|Any CPU.ActiveCfg = Release|Any CPU
		{30133A46-0D05-43F6-AFF4-AEEA15C0350F}.Release|Any CPU.Build.0 = Release|Any CPU
		{30133A46-0D05-43F6-AFF4-AEEA15C0350F}.Release|x64.ActiveCfg = Release|Any CPU
		{30133A46-0D05-43F6-AFF4-AEEA15C0350F}.Release|x64.Build.0 = Release|Any CPU
		{30133A46-0D05-43F6-AFF4-AEEA15C0350F}.Release|x86.ActiveCfg = Release|Any CPU
		{30133A46-0D05-43F6-AFF4-AEEA15C0350F}.Release|x86.Build.0 = Release|Any CPU
		{1E21708B-3782-4333-ABFA-2410ADC0F9E9}.Debug|Any CPU.ActiveCfg = Debug|Any CPU
		{1E21708B-3782-4333-ABFA-2410ADC0F9E9}.Debug|Any CPU.Build.0 = Debug|Any CPU
		{1E21708B-3782-4333-ABFA-2410ADC0F9E9}.Debug|x64.ActiveCfg = Debug|Any CPU
		{1E21708B-3782-4333-ABFA-2410ADC0F9E9}.Debug|x64.Build.0 = Debug|Any CPU
		{1E21708B-3782-4333-ABFA-2410ADC0F9E9}.Debug|x86.ActiveCfg = Debug|Any CPU
		{1E21708B-3782-4333-ABFA-2410ADC0F9E9}.Debug|x86.Build.0 = Debug|Any CPU
		{1E21708B-3782-4333-ABFA-2410ADC0F9E9}.Release|Any CPU.ActiveCfg = Release|Any CPU
		{1E21708B-3782-4333-ABFA-2410ADC0F9E9}.Release|Any CPU.Build.0 = Release|Any CPU
		{1E21708B-3782-4333-ABFA-2410ADC0F9E9}.Release|x64.ActiveCfg = Release|Any CPU
		{1E21708B-3782-4333-ABFA-2410ADC0F9E9}.Release|x64.Build.0 = Release|Any CPU
		{1E21708B-3782-4333-ABFA-2410ADC0F9E9}.Release|x86.ActiveCfg = Release|Any CPU
		{1E21708B-3782-4333-ABFA-2410ADC0F9E9}.Release|x86.Build.0 = Release|Any CPU
		{5360354F-E1D6-416E-97F5-DC8BCC7AED67}.Debug|Any CPU.ActiveCfg = Debug|Any CPU
		{5360354F-E1D6-416E-97F5-DC8BCC7AED67}.Debug|Any CPU.Build.0 = Debug|Any CPU
		{5360354F-E1D6-416E-97F5-DC8BCC7AED67}.Debug|x64.ActiveCfg = Debug|Any CPU
		{5360354F-E1D6-416E-97F5-DC8BCC7AED67}.Debug|x64.Build.0 = Debug|Any CPU
		{5360354F-E1D6-416E-97F5-DC8BCC7AED67}.Debug|x86.ActiveCfg = Debug|Any CPU
		{5360354F-E1D6-416E-97F5-DC8BCC7AED67}.Debug|x86.Build.0 = Debug|Any CPU
		{5360354F-E1D6-416E-97F5-DC8BCC7AED67}.Release|Any CPU.ActiveCfg = Release|Any CPU
		{5360354F-E1D6-416E-97F5-DC8BCC7AED67}.Release|Any CPU.Build.0 = Release|Any CPU
		{5360354F-E1D6-416E-97F5-DC8BCC7AED67}.Release|x64.ActiveCfg = Release|Any CPU
		{5360354F-E1D6-416E-97F5-DC8BCC7AED67}.Release|x64.Build.0 = Release|Any CPU
		{5360354F-E1D6-416E-97F5-DC8BCC7AED67}.Release|x86.ActiveCfg = Release|Any CPU
		{5360354F-E1D6-416E-97F5-DC8BCC7AED67}.Release|x86.Build.0 = Release|Any CPU
		{1CE4187B-87D0-4255-AAB5-DD8EBD033512}.Debug|Any CPU.ActiveCfg = Debug|Any CPU
		{1CE4187B-87D0-4255-AAB5-DD8EBD033512}.Debug|Any CPU.Build.0 = Debug|Any CPU
		{1CE4187B-87D0-4255-AAB5-DD8EBD033512}.Debug|x64.ActiveCfg = Debug|Any CPU
		{1CE4187B-87D0-4255-AAB5-DD8EBD033512}.Debug|x64.Build.0 = Debug|Any CPU
		{1CE4187B-87D0-4255-AAB5-DD8EBD033512}.Debug|x86.ActiveCfg = Debug|Any CPU
		{1CE4187B-87D0-4255-AAB5-DD8EBD033512}.Debug|x86.Build.0 = Debug|Any CPU
		{1CE4187B-87D0-4255-AAB5-DD8EBD033512}.Release|Any CPU.ActiveCfg = Release|Any CPU
		{1CE4187B-87D0-4255-AAB5-DD8EBD033512}.Release|Any CPU.Build.0 = Release|Any CPU
		{1CE4187B-87D0-4255-AAB5-DD8EBD033512}.Release|x64.ActiveCfg = Release|Any CPU
		{1CE4187B-87D0-4255-AAB5-DD8EBD033512}.Release|x64.Build.0 = Release|Any CPU
		{1CE4187B-87D0-4255-AAB5-DD8EBD033512}.Release|x86.ActiveCfg = Release|Any CPU
		{1CE4187B-87D0-4255-AAB5-DD8EBD033512}.Release|x86.Build.0 = Release|Any CPU
		{202FFDC4-4270-4D8A-A147-B13FC9773D0A}.Debug|Any CPU.ActiveCfg = Debug|Any CPU
		{202FFDC4-4270-4D8A-A147-B13FC9773D0A}.Debug|Any CPU.Build.0 = Debug|Any CPU
		{202FFDC4-4270-4D8A-A147-B13FC9773D0A}.Debug|x64.ActiveCfg = Debug|Any CPU
		{202FFDC4-4270-4D8A-A147-B13FC9773D0A}.Debug|x64.Build.0 = Debug|Any CPU
		{202FFDC4-4270-4D8A-A147-B13FC9773D0A}.Debug|x86.ActiveCfg = Debug|Any CPU
		{202FFDC4-4270-4D8A-A147-B13FC9773D0A}.Debug|x86.Build.0 = Debug|Any CPU
		{202FFDC4-4270-4D8A-A147-B13FC9773D0A}.Release|Any CPU.ActiveCfg = Release|Any CPU
		{202FFDC4-4270-4D8A-A147-B13FC9773D0A}.Release|Any CPU.Build.0 = Release|Any CPU
		{202FFDC4-4270-4D8A-A147-B13FC9773D0A}.Release|x64.ActiveCfg = Release|Any CPU
		{202FFDC4-4270-4D8A-A147-B13FC9773D0A}.Release|x64.Build.0 = Release|Any CPU
		{202FFDC4-4270-4D8A-A147-B13FC9773D0A}.Release|x86.ActiveCfg = Release|Any CPU
		{202FFDC4-4270-4D8A-A147-B13FC9773D0A}.Release|x86.Build.0 = Release|Any CPU
		{C96004E5-B5F5-40A5-95C2-784706F8F66D}.Debug|Any CPU.ActiveCfg = Debug|Any CPU
		{C96004E5-B5F5-40A5-95C2-784706F8F66D}.Debug|Any CPU.Build.0 = Debug|Any CPU
		{C96004E5-B5F5-40A5-95C2-784706F8F66D}.Debug|x64.ActiveCfg = Debug|Any CPU
		{C96004E5-B5F5-40A5-95C2-784706F8F66D}.Debug|x64.Build.0 = Debug|Any CPU
		{C96004E5-B5F5-40A5-95C2-784706F8F66D}.Debug|x86.ActiveCfg = Debug|Any CPU
		{C96004E5-B5F5-40A5-95C2-784706F8F66D}.Debug|x86.Build.0 = Debug|Any CPU
		{C96004E5-B5F5-40A5-95C2-784706F8F66D}.Release|Any CPU.ActiveCfg = Release|Any CPU
		{C96004E5-B5F5-40A5-95C2-784706F8F66D}.Release|Any CPU.Build.0 = Release|Any CPU
		{C96004E5-B5F5-40A5-95C2-784706F8F66D}.Release|x64.ActiveCfg = Release|Any CPU
		{C96004E5-B5F5-40A5-95C2-784706F8F66D}.Release|x64.Build.0 = Release|Any CPU
		{C96004E5-B5F5-40A5-95C2-784706F8F66D}.Release|x86.ActiveCfg = Release|Any CPU
		{C96004E5-B5F5-40A5-95C2-784706F8F66D}.Release|x86.Build.0 = Release|Any CPU
		{7253F348-C6BB-4197-9750-738DFACB681D}.Debug|Any CPU.ActiveCfg = Debug|Any CPU
		{7253F348-C6BB-4197-9750-738DFACB681D}.Debug|Any CPU.Build.0 = Debug|Any CPU
		{7253F348-C6BB-4197-9750-738DFACB681D}.Debug|x64.ActiveCfg = Debug|Any CPU
		{7253F348-C6BB-4197-9750-738DFACB681D}.Debug|x64.Build.0 = Debug|Any CPU
		{7253F348-C6BB-4197-9750-738DFACB681D}.Debug|x86.ActiveCfg = Debug|Any CPU
		{7253F348-C6BB-4197-9750-738DFACB681D}.Debug|x86.Build.0 = Debug|Any CPU
		{7253F348-C6BB-4197-9750-738DFACB681D}.Release|Any CPU.ActiveCfg = Release|Any CPU
		{7253F348-C6BB-4197-9750-738DFACB681D}.Release|Any CPU.Build.0 = Release|Any CPU
		{7253F348-C6BB-4197-9750-738DFACB681D}.Release|x64.ActiveCfg = Release|Any CPU
		{7253F348-C6BB-4197-9750-738DFACB681D}.Release|x64.Build.0 = Release|Any CPU
		{7253F348-C6BB-4197-9750-738DFACB681D}.Release|x86.ActiveCfg = Release|Any CPU
		{7253F348-C6BB-4197-9750-738DFACB681D}.Release|x86.Build.0 = Release|Any CPU
		{2F0C4D83-BD15-4499-ADEF-A5BEDFA8CE02}.Debug|Any CPU.ActiveCfg = Debug|Any CPU
		{2F0C4D83-BD15-4499-ADEF-A5BEDFA8CE02}.Debug|Any CPU.Build.0 = Debug|Any CPU
		{2F0C4D83-BD15-4499-ADEF-A5BEDFA8CE02}.Debug|x64.ActiveCfg = Debug|Any CPU
		{2F0C4D83-BD15-4499-ADEF-A5BEDFA8CE02}.Debug|x64.Build.0 = Debug|Any CPU
		{2F0C4D83-BD15-4499-ADEF-A5BEDFA8CE02}.Debug|x86.ActiveCfg = Debug|Any CPU
		{2F0C4D83-BD15-4499-ADEF-A5BEDFA8CE02}.Debug|x86.Build.0 = Debug|Any CPU
		{2F0C4D83-BD15-4499-ADEF-A5BEDFA8CE02}.Release|Any CPU.ActiveCfg = Release|Any CPU
		{2F0C4D83-BD15-4499-ADEF-A5BEDFA8CE02}.Release|Any CPU.Build.0 = Release|Any CPU
		{2F0C4D83-BD15-4499-ADEF-A5BEDFA8CE02}.Release|x64.ActiveCfg = Release|Any CPU
		{2F0C4D83-BD15-4499-ADEF-A5BEDFA8CE02}.Release|x64.Build.0 = Release|Any CPU
		{2F0C4D83-BD15-4499-ADEF-A5BEDFA8CE02}.Release|x86.ActiveCfg = Release|Any CPU
		{2F0C4D83-BD15-4499-ADEF-A5BEDFA8CE02}.Release|x86.Build.0 = Release|Any CPU
		{7F233FB7-DDA0-42F3-B9F4-E135AAA524D3}.Debug|Any CPU.ActiveCfg = Debug|Any CPU
		{7F233FB7-DDA0-42F3-B9F4-E135AAA524D3}.Debug|Any CPU.Build.0 = Debug|Any CPU
		{7F233FB7-DDA0-42F3-B9F4-E135AAA524D3}.Debug|x64.ActiveCfg = Debug|Any CPU
		{7F233FB7-DDA0-42F3-B9F4-E135AAA524D3}.Debug|x64.Build.0 = Debug|Any CPU
		{7F233FB7-DDA0-42F3-B9F4-E135AAA524D3}.Debug|x86.ActiveCfg = Debug|Any CPU
		{7F233FB7-DDA0-42F3-B9F4-E135AAA524D3}.Debug|x86.Build.0 = Debug|Any CPU
		{7F233FB7-DDA0-42F3-B9F4-E135AAA524D3}.Release|Any CPU.ActiveCfg = Release|Any CPU
		{7F233FB7-DDA0-42F3-B9F4-E135AAA524D3}.Release|Any CPU.Build.0 = Release|Any CPU
		{7F233FB7-DDA0-42F3-B9F4-E135AAA524D3}.Release|x64.ActiveCfg = Release|Any CPU
		{7F233FB7-DDA0-42F3-B9F4-E135AAA524D3}.Release|x64.Build.0 = Release|Any CPU
		{7F233FB7-DDA0-42F3-B9F4-E135AAA524D3}.Release|x86.ActiveCfg = Release|Any CPU
		{7F233FB7-DDA0-42F3-B9F4-E135AAA524D3}.Release|x86.Build.0 = Release|Any CPU
		{1A16CFAA-9113-4B7B-98C0-A904FAFE0599}.Debug|Any CPU.ActiveCfg = Debug|Any CPU
		{1A16CFAA-9113-4B7B-98C0-A904FAFE0599}.Debug|Any CPU.Build.0 = Debug|Any CPU
		{1A16CFAA-9113-4B7B-98C0-A904FAFE0599}.Debug|x64.ActiveCfg = Debug|Any CPU
		{1A16CFAA-9113-4B7B-98C0-A904FAFE0599}.Debug|x64.Build.0 = Debug|Any CPU
		{1A16CFAA-9113-4B7B-98C0-A904FAFE0599}.Debug|x86.ActiveCfg = Debug|Any CPU
		{1A16CFAA-9113-4B7B-98C0-A904FAFE0599}.Debug|x86.Build.0 = Debug|Any CPU
		{1A16CFAA-9113-4B7B-98C0-A904FAFE0599}.Release|Any CPU.ActiveCfg = Release|Any CPU
		{1A16CFAA-9113-4B7B-98C0-A904FAFE0599}.Release|Any CPU.Build.0 = Release|Any CPU
		{1A16CFAA-9113-4B7B-98C0-A904FAFE0599}.Release|x64.ActiveCfg = Release|Any CPU
		{1A16CFAA-9113-4B7B-98C0-A904FAFE0599}.Release|x64.Build.0 = Release|Any CPU
		{1A16CFAA-9113-4B7B-98C0-A904FAFE0599}.Release|x86.ActiveCfg = Release|Any CPU
		{1A16CFAA-9113-4B7B-98C0-A904FAFE0599}.Release|x86.Build.0 = Release|Any CPU
		{80D445FD-BADF-43DC-8A43-7C3871DB8D47}.Debug|Any CPU.ActiveCfg = Debug|Any CPU
		{80D445FD-BADF-43DC-8A43-7C3871DB8D47}.Debug|Any CPU.Build.0 = Debug|Any CPU
		{80D445FD-BADF-43DC-8A43-7C3871DB8D47}.Debug|x64.ActiveCfg = Debug|Any CPU
		{80D445FD-BADF-43DC-8A43-7C3871DB8D47}.Debug|x64.Build.0 = Debug|Any CPU
		{80D445FD-BADF-43DC-8A43-7C3871DB8D47}.Debug|x86.ActiveCfg = Debug|Any CPU
		{80D445FD-BADF-43DC-8A43-7C3871DB8D47}.Debug|x86.Build.0 = Debug|Any CPU
		{80D445FD-BADF-43DC-8A43-7C3871DB8D47}.Release|Any CPU.ActiveCfg = Release|Any CPU
		{80D445FD-BADF-43DC-8A43-7C3871DB8D47}.Release|Any CPU.Build.0 = Release|Any CPU
		{80D445FD-BADF-43DC-8A43-7C3871DB8D47}.Release|x64.ActiveCfg = Release|Any CPU
		{80D445FD-BADF-43DC-8A43-7C3871DB8D47}.Release|x64.Build.0 = Release|Any CPU
		{80D445FD-BADF-43DC-8A43-7C3871DB8D47}.Release|x86.ActiveCfg = Release|Any CPU
		{80D445FD-BADF-43DC-8A43-7C3871DB8D47}.Release|x86.Build.0 = Release|Any CPU
		{74F92F92-5EAE-47A2-98AC-3B8A3754D092}.Debug|Any CPU.ActiveCfg = Debug|Any CPU
		{74F92F92-5EAE-47A2-98AC-3B8A3754D092}.Debug|Any CPU.Build.0 = Debug|Any CPU
		{74F92F92-5EAE-47A2-98AC-3B8A3754D092}.Debug|x64.ActiveCfg = Debug|Any CPU
		{74F92F92-5EAE-47A2-98AC-3B8A3754D092}.Debug|x64.Build.0 = Debug|Any CPU
		{74F92F92-5EAE-47A2-98AC-3B8A3754D092}.Debug|x86.ActiveCfg = Debug|Any CPU
		{74F92F92-5EAE-47A2-98AC-3B8A3754D092}.Debug|x86.Build.0 = Debug|Any CPU
		{74F92F92-5EAE-47A2-98AC-3B8A3754D092}.Release|Any CPU.ActiveCfg = Release|Any CPU
		{74F92F92-5EAE-47A2-98AC-3B8A3754D092}.Release|Any CPU.Build.0 = Release|Any CPU
		{74F92F92-5EAE-47A2-98AC-3B8A3754D092}.Release|x64.ActiveCfg = Release|Any CPU
		{74F92F92-5EAE-47A2-98AC-3B8A3754D092}.Release|x64.Build.0 = Release|Any CPU
		{74F92F92-5EAE-47A2-98AC-3B8A3754D092}.Release|x86.ActiveCfg = Release|Any CPU
		{74F92F92-5EAE-47A2-98AC-3B8A3754D092}.Release|x86.Build.0 = Release|Any CPU
		{4E8E8757-B652-4D68-BABF-B0294A92641E}.Debug|Any CPU.ActiveCfg = Debug|Any CPU
		{4E8E8757-B652-4D68-BABF-B0294A92641E}.Debug|Any CPU.Build.0 = Debug|Any CPU
		{4E8E8757-B652-4D68-BABF-B0294A92641E}.Debug|x64.ActiveCfg = Debug|Any CPU
		{4E8E8757-B652-4D68-BABF-B0294A92641E}.Debug|x64.Build.0 = Debug|Any CPU
		{4E8E8757-B652-4D68-BABF-B0294A92641E}.Debug|x86.ActiveCfg = Debug|Any CPU
		{4E8E8757-B652-4D68-BABF-B0294A92641E}.Debug|x86.Build.0 = Debug|Any CPU
		{4E8E8757-B652-4D68-BABF-B0294A92641E}.Release|Any CPU.ActiveCfg = Release|Any CPU
		{4E8E8757-B652-4D68-BABF-B0294A92641E}.Release|Any CPU.Build.0 = Release|Any CPU
		{4E8E8757-B652-4D68-BABF-B0294A92641E}.Release|x64.ActiveCfg = Release|Any CPU
		{4E8E8757-B652-4D68-BABF-B0294A92641E}.Release|x64.Build.0 = Release|Any CPU
		{4E8E8757-B652-4D68-BABF-B0294A92641E}.Release|x86.ActiveCfg = Release|Any CPU
		{4E8E8757-B652-4D68-BABF-B0294A92641E}.Release|x86.Build.0 = Release|Any CPU
		{D8123055-29AF-4E32-91B0-9F8AEF004FAE}.Debug|Any CPU.ActiveCfg = Debug|Any CPU
		{D8123055-29AF-4E32-91B0-9F8AEF004FAE}.Debug|Any CPU.Build.0 = Debug|Any CPU
		{D8123055-29AF-4E32-91B0-9F8AEF004FAE}.Debug|x64.ActiveCfg = Debug|Any CPU
		{D8123055-29AF-4E32-91B0-9F8AEF004FAE}.Debug|x64.Build.0 = Debug|Any CPU
		{D8123055-29AF-4E32-91B0-9F8AEF004FAE}.Debug|x86.ActiveCfg = Debug|Any CPU
		{D8123055-29AF-4E32-91B0-9F8AEF004FAE}.Debug|x86.Build.0 = Debug|Any CPU
		{D8123055-29AF-4E32-91B0-9F8AEF004FAE}.Release|Any CPU.ActiveCfg = Release|Any CPU
		{D8123055-29AF-4E32-91B0-9F8AEF004FAE}.Release|Any CPU.Build.0 = Release|Any CPU
		{D8123055-29AF-4E32-91B0-9F8AEF004FAE}.Release|x64.ActiveCfg = Release|Any CPU
		{D8123055-29AF-4E32-91B0-9F8AEF004FAE}.Release|x64.Build.0 = Release|Any CPU
		{D8123055-29AF-4E32-91B0-9F8AEF004FAE}.Release|x86.ActiveCfg = Release|Any CPU
		{D8123055-29AF-4E32-91B0-9F8AEF004FAE}.Release|x86.Build.0 = Release|Any CPU
	EndGlobalSection
	GlobalSection(SolutionProperties) = preSolution
		HideSolutionNode = FALSE
	EndGlobalSection
	GlobalSection(NestedProjects) = preSolution
		{3AE7D0D4-5F11-42FD-A14C-35597AD7E269} = {D6A6484D-5446-4B1C-994A-D25C0C25A9EC}
		{90348715-D8A6-4BB2-8FE5-5923EDA5385D} = {D6A6484D-5446-4B1C-994A-D25C0C25A9EC}
		{A2A09C4C-6D9F-42D5-B4F0-522601358668} = {D6A6484D-5446-4B1C-994A-D25C0C25A9EC}
		{6D74E84A-C78E-4DF2-95A4-D8B746E2C221} = {D6A6484D-5446-4B1C-994A-D25C0C25A9EC}
		{255C3822-9ADB-46F4-AED8-388DE3BDD29C} = {D6A6484D-5446-4B1C-994A-D25C0C25A9EC}
		{6C7709F4-73BD-4DE4-A573-D7714813A238} = {D6A6484D-5446-4B1C-994A-D25C0C25A9EC}
		{63D4CF51-855D-460B-95C7-23BA3093B069} = {D6A6484D-5446-4B1C-994A-D25C0C25A9EC}
		{8E64BB6E-4988-4730-8204-47769AD16FB2} = {D6A6484D-5446-4B1C-994A-D25C0C25A9EC}
		{E605E868-7EAF-46D2-9E6A-D89FC723A8B4} = {D6A6484D-5446-4B1C-994A-D25C0C25A9EC}
		{F6C47359-9D26-4341-B72E-E6F9C945B996} = {D6A6484D-5446-4B1C-994A-D25C0C25A9EC}
		{081905EC-0665-4E2A-AE37-62D0A85C4AB8} = {D6A6484D-5446-4B1C-994A-D25C0C25A9EC}
		{30133A46-0D05-43F6-AFF4-AEEA15C0350F} = {D6A6484D-5446-4B1C-994A-D25C0C25A9EC}
		{1E21708B-3782-4333-ABFA-2410ADC0F9E9} = {D6A6484D-5446-4B1C-994A-D25C0C25A9EC}
		{5360354F-E1D6-416E-97F5-DC8BCC7AED67} = {D6A6484D-5446-4B1C-994A-D25C0C25A9EC}
		{1CE4187B-87D0-4255-AAB5-DD8EBD033512} = {D6A6484D-5446-4B1C-994A-D25C0C25A9EC}
		{C96004E5-B5F5-40A5-95C2-784706F8F66D} = {D6A6484D-5446-4B1C-994A-D25C0C25A9EC}
		{2F0C4D83-BD15-4499-ADEF-A5BEDFA8CE02} = {D6A6484D-5446-4B1C-994A-D25C0C25A9EC}
		{7F233FB7-DDA0-42F3-B9F4-E135AAA524D3} = {D6A6484D-5446-4B1C-994A-D25C0C25A9EC}
		{80D445FD-BADF-43DC-8A43-7C3871DB8D47} = {D6A6484D-5446-4B1C-994A-D25C0C25A9EC}
		{74F92F92-5EAE-47A2-98AC-3B8A3754D092} = {D6A6484D-5446-4B1C-994A-D25C0C25A9EC}
		{4E8E8757-B652-4D68-BABF-B0294A92641E} = {D6A6484D-5446-4B1C-994A-D25C0C25A9EC}
		{D8123055-29AF-4E32-91B0-9F8AEF004FAE} = {D6A6484D-5446-4B1C-994A-D25C0C25A9EC}
	EndGlobalSection
EndGlobal
